// !$*UTF8*$!
{
	archiveVersion = 1;
	classes = {
	};
	objectVersion = 50;
	objects = {

/* Begin PBXBuildFile section */
		BC2AEA6B27E8135A0022C13A /* MasterIngredientsList.txt in Resources */ = {isa = PBXBuildFile; fileRef = BC2AEA6A27E8135A0022C13A /* MasterIngredientsList.txt */; };
		BC3DACB027E68BEE00F94F3D /* IngredientSearchView.swift in Sources */ = {isa = PBXBuildFile; fileRef = BC3DACAF27E68BEE00F94F3D /* IngredientSearchView.swift */; };
		BC64248327F7BF8C00DFECE1 /* RecipeButtonView.swift in Sources */ = {isa = PBXBuildFile; fileRef = BC64248227F7BF8C00DFECE1 /* RecipeButtonView.swift */; };
		BC64248827F7C39400DFECE1 /* RecipeDetailsView.swift in Sources */ = {isa = PBXBuildFile; fileRef = BC64248727F7C39400DFECE1 /* RecipeDetailsView.swift */; };
		BC7E52D927E3FC010066FC96 /* RecipeSearchView.swift in Sources */ = {isa = PBXBuildFile; fileRef = BC7E52D827E3FC010066FC96 /* RecipeSearchView.swift */; };
		BC95F0E227BB0DB70057F68F /* TastepediaApp.swift in Sources */ = {isa = PBXBuildFile; fileRef = BC95F0CF27BB0DB60057F68F /* TastepediaApp.swift */; };
		BC95F0E427BB0DB70057F68F /* MainView.swift in Sources */ = {isa = PBXBuildFile; fileRef = BC95F0D027BB0DB60057F68F /* MainView.swift */; };
		BC95F0E627BB0DB70057F68F /* Assets.xcassets in Resources */ = {isa = PBXBuildFile; fileRef = BC95F0D127BB0DB70057F68F /* Assets.xcassets */; };
		BCA56D2127E66E1600FC1A70 /* PantryView.swift in Sources */ = {isa = PBXBuildFile; fileRef = BC7E52D427E3EEFE0066FC96 /* PantryView.swift */; };
		BCAB55E927D1A6DA00334443 /* RecipeSearch.swift in Sources */ = {isa = PBXBuildFile; fileRef = BCAB55E827D1A6DA00334443 /* RecipeSearch.swift */; };
		BCAB55F027D1AA8100334443 /* RecipeSearchViewModel.swift in Sources */ = {isa = PBXBuildFile; fileRef = BCAB55EF27D1AA8100334443 /* RecipeSearchViewModel.swift */; };
		BCBD105E27ED432800E9FB6A /* IngredientSearchScrollView.swift in Sources */ = {isa = PBXBuildFile; fileRef = BCBD105D27ED432800E9FB6A /* IngredientSearchScrollView.swift */; };
		BCBD106127ED43EF00E9FB6A /* PISquareView.swift in Sources */ = {isa = PBXBuildFile; fileRef = BCBD106027ED43EF00E9FB6A /* PISquareView.swift */; };
		BCCE875127E954F7005C7184 /* Launch Screen.storyboard in Resources */ = {isa = PBXBuildFile; fileRef = BCCE875027E954F7005C7184 /* Launch Screen.storyboard */; };
/* End PBXBuildFile section */

/* Begin PBXFileReference section */
		BC05599927E96614009DEBA1 /* Tastepedia.app */ = {isa = PBXFileReference; explicitFileType = wrapper.application; includeInIndex = 0; path = Tastepedia.app; sourceTree = BUILT_PRODUCTS_DIR; };
		BC2AEA6A27E8135A0022C13A /* MasterIngredientsList.txt */ = {isa = PBXFileReference; fileEncoding = 4; lastKnownFileType = text; path = MasterIngredientsList.txt; sourceTree = "<group>"; };
		BC3DACAF27E68BEE00F94F3D /* IngredientSearchView.swift */ = {isa = PBXFileReference; lastKnownFileType = sourcecode.swift; path = IngredientSearchView.swift; sourceTree = "<group>"; };
		BC64248227F7BF8C00DFECE1 /* RecipeButtonView.swift */ = {isa = PBXFileReference; lastKnownFileType = sourcecode.swift; path = RecipeButtonView.swift; sourceTree = "<group>"; };
		BC64248727F7C39400DFECE1 /* RecipeDetailsView.swift */ = {isa = PBXFileReference; lastKnownFileType = sourcecode.swift; path = RecipeDetailsView.swift; sourceTree = "<group>"; };
		BC7E52D427E3EEFE0066FC96 /* PantryView.swift */ = {isa = PBXFileReference; lastKnownFileType = sourcecode.swift; path = PantryView.swift; sourceTree = "<group>"; };
		BC7E52D827E3FC010066FC96 /* RecipeSearchView.swift */ = {isa = PBXFileReference; lastKnownFileType = sourcecode.swift; path = RecipeSearchView.swift; sourceTree = "<group>"; };
		BC95F0CF27BB0DB60057F68F /* TastepediaApp.swift */ = {isa = PBXFileReference; lastKnownFileType = sourcecode.swift; path = TastepediaApp.swift; sourceTree = "<group>"; };
		BC95F0D027BB0DB60057F68F /* MainView.swift */ = {isa = PBXFileReference; lastKnownFileType = sourcecode.swift; path = MainView.swift; sourceTree = "<group>"; };
		BC95F0D127BB0DB70057F68F /* Assets.xcassets */ = {isa = PBXFileReference; lastKnownFileType = folder.assetcatalog; path = Assets.xcassets; sourceTree = "<group>"; };
		BC95F0D927BB0DB70057F68F /* Info.plist */ = {isa = PBXFileReference; lastKnownFileType = text.plist.xml; path = Info.plist; sourceTree = "<group>"; };
		BCAB55E827D1A6DA00334443 /* RecipeSearch.swift */ = {isa = PBXFileReference; lastKnownFileType = sourcecode.swift; path = RecipeSearch.swift; sourceTree = "<group>"; };
		BCAB55EF27D1AA8100334443 /* RecipeSearchViewModel.swift */ = {isa = PBXFileReference; lastKnownFileType = sourcecode.swift; path = RecipeSearchViewModel.swift; sourceTree = "<group>"; };
		BCBD105D27ED432800E9FB6A /* IngredientSearchScrollView.swift */ = {isa = PBXFileReference; lastKnownFileType = sourcecode.swift; path = IngredientSearchScrollView.swift; sourceTree = "<group>"; };
		BCBD106027ED43EF00E9FB6A /* PISquareView.swift */ = {isa = PBXFileReference; lastKnownFileType = sourcecode.swift; path = PISquareView.swift; sourceTree = "<group>"; };
		BCCE875027E954F7005C7184 /* Launch Screen.storyboard */ = {isa = PBXFileReference; lastKnownFileType = file.storyboard; path = "Launch Screen.storyboard"; sourceTree = "<group>"; };
/* End PBXFileReference section */

/* Begin PBXFrameworksBuildPhase section */
		BC95F0D327BB0DB70057F68F /* Frameworks */ = {
			isa = PBXFrameworksBuildPhase;
			buildActionMask = 2147483647;
			files = (
			);
			runOnlyForDeploymentPostprocessing = 0;
		};
/* End PBXFrameworksBuildPhase section */

/* Begin PBXGroup section */
		BC95F0C927BB0DB60057F68F = {
			isa = PBXGroup;
			children = (
				BCCE875027E954F7005C7184 /* Launch Screen.storyboard */,
				BCAB55E727D1A63C00334443 /* Models */,
				BCAB55EE27D1AA4A00334443 /* View Models */,
				BC95F0CE27BB0DB60057F68F /* Shared */,
				BC95F0D827BB0DB70057F68F /* iOS */,
				BC05599927E96614009DEBA1 /* Tastepedia.app */,
			);
			sourceTree = "<group>";
		};
		BC95F0CE27BB0DB60057F68F /* Shared */ = {
			isa = PBXGroup;
			children = (
				BC95F0CF27BB0DB60057F68F /* TastepediaApp.swift */,
				BC7E52D827E3FC010066FC96 /* RecipeSearchView.swift */,
				BC64248227F7BF8C00DFECE1 /* RecipeButtonView.swift */,
				BC64248727F7C39400DFECE1 /* RecipeDetailsView.swift */,
				BC95F0D027BB0DB60057F68F /* MainView.swift */,
				BC7E52D427E3EEFE0066FC96 /* PantryView.swift */,
				BC3DACAF27E68BEE00F94F3D /* IngredientSearchView.swift */,
				BCBD105D27ED432800E9FB6A /* IngredientSearchScrollView.swift */,
				BCBD106027ED43EF00E9FB6A /* PISquareView.swift */,
				BC95F0D127BB0DB70057F68F /* Assets.xcassets */,
				BC2AEA6A27E8135A0022C13A /* MasterIngredientsList.txt */,
			);
			path = Shared;
			sourceTree = "<group>";
		};
		BC95F0D827BB0DB70057F68F /* iOS */ = {
			isa = PBXGroup;
			children = (
				BC95F0D927BB0DB70057F68F /* Info.plist */,
			);
			path = iOS;
			sourceTree = "<group>";
		};
		BCAB55E727D1A63C00334443 /* Models */ = {
			isa = PBXGroup;
			children = (
				BCAB55E827D1A6DA00334443 /* RecipeSearch.swift */,
			);
			path = Models;
			sourceTree = "<group>";
		};
		BCAB55EE27D1AA4A00334443 /* View Models */ = {
			isa = PBXGroup;
			children = (
				BCAB55EF27D1AA8100334443 /* RecipeSearchViewModel.swift */,
			);
			path = "View Models";
			sourceTree = "<group>";
		};
/* End PBXGroup section */

/* Begin PBXNativeTarget section */
		BC95F0D527BB0DB70057F68F /* Tastepedia (iOS) */ = {
			isa = PBXNativeTarget;
			buildConfigurationList = BC95F0EA27BB0DB70057F68F /* Build configuration list for PBXNativeTarget "Tastepedia (iOS)" */;
			buildPhases = (
				BC95F0D227BB0DB70057F68F /* Sources */,
				BC95F0D327BB0DB70057F68F /* Frameworks */,
				BC95F0D427BB0DB70057F68F /* Resources */,
			);
			buildRules = (
			);
			dependencies = (
			);
			name = "Tastepedia (iOS)";
			productName = "Recipedia (iOS)";
			productReference = BC05599927E96614009DEBA1 /* Tastepedia.app */;
			productType = "com.apple.product-type.application";
		};
/* End PBXNativeTarget section */

/* Begin PBXProject section */
		BC95F0CA27BB0DB60057F68F /* Project object */ = {
			isa = PBXProject;
			attributes = {
				LastSwiftUpdateCheck = 1240;
				LastUpgradeCheck = 1240;
				TargetAttributes = {
					BC95F0D527BB0DB70057F68F = {
						CreatedOnToolsVersion = 12.4;
					};
				};
			};
			buildConfigurationList = BC95F0CD27BB0DB60057F68F /* Build configuration list for PBXProject "Tastepedia" */;
			compatibilityVersion = "Xcode 9.3";
			developmentRegion = en;
			hasScannedForEncodings = 0;
			knownRegions = (
				en,
				Base,
			);
			mainGroup = BC95F0C927BB0DB60057F68F;
			productRefGroup = BC95F0C927BB0DB60057F68F;
			projectDirPath = "";
			projectRoot = "";
			targets = (
				BC95F0D527BB0DB70057F68F /* Tastepedia (iOS) */,
			);
		};
/* End PBXProject section */

/* Begin PBXResourcesBuildPhase section */
		BC95F0D427BB0DB70057F68F /* Resources */ = {
			isa = PBXResourcesBuildPhase;
			buildActionMask = 2147483647;
			files = (
				BCCE875127E954F7005C7184 /* Launch Screen.storyboard in Resources */,
				BC95F0E627BB0DB70057F68F /* Assets.xcassets in Resources */,
				BC2AEA6B27E8135A0022C13A /* MasterIngredientsList.txt in Resources */,
			);
			runOnlyForDeploymentPostprocessing = 0;
		};
/* End PBXResourcesBuildPhase section */

/* Begin PBXSourcesBuildPhase section */
		BC95F0D227BB0DB70057F68F /* Sources */ = {
			isa = PBXSourcesBuildPhase;
			buildActionMask = 2147483647;
			files = (
				BC64248327F7BF8C00DFECE1 /* RecipeButtonView.swift in Sources */,
				BCBD105E27ED432800E9FB6A /* IngredientSearchScrollView.swift in Sources */,
				BCA56D2127E66E1600FC1A70 /* PantryView.swift in Sources */,
				BCAB55F027D1AA8100334443 /* RecipeSearchViewModel.swift in Sources */,
				BC95F0E427BB0DB70057F68F /* MainView.swift in Sources */,
				BCAB55E927D1A6DA00334443 /* RecipeSearch.swift in Sources */,
				BC3DACB027E68BEE00F94F3D /* IngredientSearchView.swift in Sources */,
				BC95F0E227BB0DB70057F68F /* TastepediaApp.swift in Sources */,
				BC7E52D927E3FC010066FC96 /* RecipeSearchView.swift in Sources */,
				BC64248827F7C39400DFECE1 /* RecipeDetailsView.swift in Sources */,
				BCBD106127ED43EF00E9FB6A /* PISquareView.swift in Sources */,
			);
			runOnlyForDeploymentPostprocessing = 0;
		};
/* End PBXSourcesBuildPhase section */

/* Begin XCBuildConfiguration section */
		BC95F0E827BB0DB70057F68F /* Debug */ = {
			isa = XCBuildConfiguration;
			buildSettings = {
				ALWAYS_SEARCH_USER_PATHS = NO;
				CLANG_ANALYZER_NONNULL = YES;
				CLANG_ANALYZER_NUMBER_OBJECT_CONVERSION = YES_AGGRESSIVE;
				CLANG_CXX_LANGUAGE_STANDARD = "gnu++14";
				CLANG_CXX_LIBRARY = "libc++";
				CLANG_ENABLE_MODULES = YES;
				CLANG_ENABLE_OBJC_ARC = YES;
				CLANG_ENABLE_OBJC_WEAK = YES;
				CLANG_WARN_BLOCK_CAPTURE_AUTORELEASING = YES;
				CLANG_WARN_BOOL_CONVERSION = YES;
				CLANG_WARN_COMMA = YES;
				CLANG_WARN_CONSTANT_CONVERSION = YES;
				CLANG_WARN_DEPRECATED_OBJC_IMPLEMENTATIONS = YES;
				CLANG_WARN_DIRECT_OBJC_ISA_USAGE = YES_ERROR;
				CLANG_WARN_DOCUMENTATION_COMMENTS = YES;
				CLANG_WARN_EMPTY_BODY = YES;
				CLANG_WARN_ENUM_CONVERSION = YES;
				CLANG_WARN_INFINITE_RECURSION = YES;
				CLANG_WARN_INT_CONVERSION = YES;
				CLANG_WARN_NON_LITERAL_NULL_CONVERSION = YES;
				CLANG_WARN_OBJC_IMPLICIT_RETAIN_SELF = YES;
				CLANG_WARN_OBJC_LITERAL_CONVERSION = YES;
				CLANG_WARN_OBJC_ROOT_CLASS = YES_ERROR;
				CLANG_WARN_QUOTED_INCLUDE_IN_FRAMEWORK_HEADER = YES;
				CLANG_WARN_RANGE_LOOP_ANALYSIS = YES;
				CLANG_WARN_STRICT_PROTOTYPES = YES;
				CLANG_WARN_SUSPICIOUS_MOVE = YES;
				CLANG_WARN_UNGUARDED_AVAILABILITY = YES_AGGRESSIVE;
				CLANG_WARN_UNREACHABLE_CODE = YES;
				CLANG_WARN__DUPLICATE_METHOD_MATCH = YES;
				COPY_PHASE_STRIP = NO;
				DEBUG_INFORMATION_FORMAT = dwarf;
				ENABLE_STRICT_OBJC_MSGSEND = YES;
				ENABLE_TESTABILITY = YES;
				GCC_C_LANGUAGE_STANDARD = gnu11;
				GCC_DYNAMIC_NO_PIC = NO;
				GCC_NO_COMMON_BLOCKS = YES;
				GCC_OPTIMIZATION_LEVEL = 0;
				GCC_PREPROCESSOR_DEFINITIONS = (
					"DEBUG=1",
					"$(inherited)",
				);
				GCC_WARN_64_TO_32_BIT_CONVERSION = YES;
				GCC_WARN_ABOUT_RETURN_TYPE = YES_ERROR;
				GCC_WARN_UNDECLARED_SELECTOR = YES;
				GCC_WARN_UNINITIALIZED_AUTOS = YES_AGGRESSIVE;
				GCC_WARN_UNUSED_FUNCTION = YES;
				GCC_WARN_UNUSED_VARIABLE = YES;
				MTL_ENABLE_DEBUG_INFO = INCLUDE_SOURCE;
				MTL_FAST_MATH = YES;
				ONLY_ACTIVE_ARCH = YES;
				SWIFT_ACTIVE_COMPILATION_CONDITIONS = DEBUG;
				SWIFT_OPTIMIZATION_LEVEL = "-Onone";
			};
			name = Debug;
		};
		BC95F0E927BB0DB70057F68F /* Release */ = {
			isa = XCBuildConfiguration;
			buildSettings = {
				ALWAYS_SEARCH_USER_PATHS = NO;
				CLANG_ANALYZER_NONNULL = YES;
				CLANG_ANALYZER_NUMBER_OBJECT_CONVERSION = YES_AGGRESSIVE;
				CLANG_CXX_LANGUAGE_STANDARD = "gnu++14";
				CLANG_CXX_LIBRARY = "libc++";
				CLANG_ENABLE_MODULES = YES;
				CLANG_ENABLE_OBJC_ARC = YES;
				CLANG_ENABLE_OBJC_WEAK = YES;
				CLANG_WARN_BLOCK_CAPTURE_AUTORELEASING = YES;
				CLANG_WARN_BOOL_CONVERSION = YES;
				CLANG_WARN_COMMA = YES;
				CLANG_WARN_CONSTANT_CONVERSION = YES;
				CLANG_WARN_DEPRECATED_OBJC_IMPLEMENTATIONS = YES;
				CLANG_WARN_DIRECT_OBJC_ISA_USAGE = YES_ERROR;
				CLANG_WARN_DOCUMENTATION_COMMENTS = YES;
				CLANG_WARN_EMPTY_BODY = YES;
				CLANG_WARN_ENUM_CONVERSION = YES;
				CLANG_WARN_INFINITE_RECURSION = YES;
				CLANG_WARN_INT_CONVERSION = YES;
				CLANG_WARN_NON_LITERAL_NULL_CONVERSION = YES;
				CLANG_WARN_OBJC_IMPLICIT_RETAIN_SELF = YES;
				CLANG_WARN_OBJC_LITERAL_CONVERSION = YES;
				CLANG_WARN_OBJC_ROOT_CLASS = YES_ERROR;
				CLANG_WARN_QUOTED_INCLUDE_IN_FRAMEWORK_HEADER = YES;
				CLANG_WARN_RANGE_LOOP_ANALYSIS = YES;
				CLANG_WARN_STRICT_PROTOTYPES = YES;
				CLANG_WARN_SUSPICIOUS_MOVE = YES;
				CLANG_WARN_UNGUARDED_AVAILABILITY = YES_AGGRESSIVE;
				CLANG_WARN_UNREACHABLE_CODE = YES;
				CLANG_WARN__DUPLICATE_METHOD_MATCH = YES;
				COPY_PHASE_STRIP = NO;
				DEBUG_INFORMATION_FORMAT = "dwarf-with-dsym";
				ENABLE_NS_ASSERTIONS = NO;
				ENABLE_STRICT_OBJC_MSGSEND = YES;
				GCC_C_LANGUAGE_STANDARD = gnu11;
				GCC_NO_COMMON_BLOCKS = YES;
				GCC_WARN_64_TO_32_BIT_CONVERSION = YES;
				GCC_WARN_ABOUT_RETURN_TYPE = YES_ERROR;
				GCC_WARN_UNDECLARED_SELECTOR = YES;
				GCC_WARN_UNINITIALIZED_AUTOS = YES_AGGRESSIVE;
				GCC_WARN_UNUSED_FUNCTION = YES;
				GCC_WARN_UNUSED_VARIABLE = YES;
				MTL_ENABLE_DEBUG_INFO = NO;
				MTL_FAST_MATH = YES;
				SWIFT_COMPILATION_MODE = wholemodule;
				SWIFT_OPTIMIZATION_LEVEL = "-O";
			};
			name = Release;
		};
		BC95F0EB27BB0DB70057F68F /* Debug */ = {
			isa = XCBuildConfiguration;
			buildSettings = {
				ASSETCATALOG_COMPILER_APPICON_NAME = AppIcon;
				ASSETCATALOG_COMPILER_GLOBAL_ACCENT_COLOR_NAME = AccentColor;
				CODE_SIGN_STYLE = Automatic;
				CURRENT_PROJECT_VERSION = 2;
				DEVELOPMENT_TEAM = 79U643427T;
				ENABLE_PREVIEWS = YES;
				INFOPLIST_FILE = iOS/Info.plist;
				IPHONEOS_DEPLOYMENT_TARGET = 14.0;
				LD_RUNPATH_SEARCH_PATHS = (
					"$(inherited)",
					"@executable_path/Frameworks",
				);
				MARKETING_VERSION = 1.0.2;
				PRODUCT_BUNDLE_IDENTIFIER = com.calebsross.Tastepedia;
				PRODUCT_NAME = Tastepedia;
				SDKROOT = iphoneos;
				SWIFT_VERSION = 5.0;
				TARGETED_DEVICE_FAMILY = 1;
			};
			name = Debug;
		};
		BC95F0EC27BB0DB70057F68F /* Release */ = {
			isa = XCBuildConfiguration;
			buildSettings = {
				ASSETCATALOG_COMPILER_APPICON_NAME = AppIcon;
				ASSETCATALOG_COMPILER_GLOBAL_ACCENT_COLOR_NAME = AccentColor;
				CODE_SIGN_STYLE = Automatic;
				CURRENT_PROJECT_VERSION = 2;
				DEVELOPMENT_TEAM = 79U643427T;
				ENABLE_PREVIEWS = YES;
				INFOPLIST_FILE = iOS/Info.plist;
				IPHONEOS_DEPLOYMENT_TARGET = 14.0;
				LD_RUNPATH_SEARCH_PATHS = (
					"$(inherited)",
					"@executable_path/Frameworks",
				);
				MARKETING_VERSION = 1.0.2;
				PRODUCT_BUNDLE_IDENTIFIER = com.calebsross.Tastepedia;
				PRODUCT_NAME = Tastepedia;
				SDKROOT = iphoneos;
				SWIFT_VERSION = 5.0;
				TARGETED_DEVICE_FAMILY = 1;
				VALIDATE_PRODUCT = YES;
			};
			name = Release;
		};
/* End XCBuildConfiguration section */

/* Begin XCConfigurationList section */
		BC95F0CD27BB0DB60057F68F /* Build configuration list for PBXProject "Tastepedia" */ = {
			isa = XCConfigurationList;
			buildConfigurations = (
				BC95F0E827BB0DB70057F68F /* Debug */,
				BC95F0E927BB0DB70057F68F /* Release */,
			);
			defaultConfigurationIsVisible = 0;
			defaultConfigurationName = Release;
		};
		BC95F0EA27BB0DB70057F68F /* Build configuration list for PBXNativeTarget "Tastepedia (iOS)" */ = {
			isa = XCConfigurationList;
			buildConfigurations = (
				BC95F0EB27BB0DB70057F68F /* Debug */,
				BC95F0EC27BB0DB70057F68F /* Release */,
			);
			defaultConfigurationIsVisible = 0;
			defaultConfigurationName = Release;
		};
/* End XCConfigurationList section */
	};
	rootObject = BC95F0CA27BB0DB60057F68F /* Project object */;
}
